<?xml version="1.0" encoding="utf-8"?>
<Project ToolsVersion="4.0" xmlns="http://schemas.microsoft.com/developer/msbuild/2003">
  <ItemGroup>
    <Filter Include="Source Files">
      <UniqueIdentifier>{4FC737F1-C7A5-4376-A066-2A32D752A2FF}</UniqueIdentifier>
      <Extensions>cpp;c;cc;cxx;def;odl;idl;hpj;bat;asm;asmx</Extensions>
    </Filter>
    <Filter Include="Header Files">
      <UniqueIdentifier>{93995380-89BD-4b04-88EB-625FBE52EBFB}</UniqueIdentifier>
      <Extensions>h;hh;hpp;hxx;hm;inl;inc;xsd</Extensions>
    </Filter>
    <Filter Include="Resource Files">
      <UniqueIdentifier>{67DA6AB6-F800-4c08-8B7A-83BB121AAD01}</UniqueIdentifier>
      <Extensions>rc;ico;cur;bmp;dlg;rc2;rct;bin;rgs;gif;jpg;jpeg;jpe;resx;tiff;tif;png;wav;mfcribbon-ms</Extensions>
    </Filter>
    <Filter Include="Header Files\Buttons">
      <UniqueIdentifier>{fd3bd039-faa0-4baf-b26a-14d144755734}</UniqueIdentifier>
    </Filter>
    <Filter Include="Header Files\Views">
      <UniqueIdentifier>{5b300118-d3e0-4731-81fd-aa5020b9b0f4}</UniqueIdentifier>
    </Filter>
    <Filter Include="Header Files\Characters">
      <UniqueIdentifier>{7607b11a-0c58-452e-96ce-4512e933d682}</UniqueIdentifier>
    </Filter>
    <Filter Include="Header Files\Status Bars">
      <UniqueIdentifier>{0278a4ee-50a9-465a-b524-f76d45963598}</UniqueIdentifier>
    </Filter>
    <Filter Include="Header Files\Skills">
      <UniqueIdentifier>{82c7b767-e954-4bab-8c69-0f820e554c50}</UniqueIdentifier>
    </Filter>
    <Filter Include="Source Files\Views">
      <UniqueIdentifier>{1c3b71ed-54db-427b-a961-08f168d97bd7}</UniqueIdentifier>
    </Filter>
    <Filter Include="Source Files\Buttons">
      <UniqueIdentifier>{8f5b6881-2218-4b1e-bceb-5c8e82a01cd3}</UniqueIdentifier>
    </Filter>
    <Filter Include="Source Files\Characters">
      <UniqueIdentifier>{695a69a1-2df1-4b5d-a613-33c9322e2353}</UniqueIdentifier>
    </Filter>
    <Filter Include="Source Files\Skills">
      <UniqueIdentifier>{a6501f2b-64e8-4bf9-ab08-785ba4cce3e6}</UniqueIdentifier>
    </Filter>
    <Filter Include="Source Files\Status Bars">
      <UniqueIdentifier>{c19de032-eeee-4af6-a56f-6ab49bb82bc6}</UniqueIdentifier>
    </Filter>
  </ItemGroup>
  <ItemGroup>
    <ClCompile Include="Source.cpp">
      <Filter>Source Files</Filter>
    </ClCompile>
    <ClCompile Include="Game.cpp">
      <Filter>Source Files</Filter>
    </ClCompile>
    <ClCompile Include="GameObject.cpp">
      <Filter>Source Files</Filter>
    </ClCompile>
    <ClCompile Include="Battle.cpp">
      <Filter>Source Files\Views</Filter>
    </ClCompile>
    <ClCompile Include="Menu.cpp">
      <Filter>Source Files\Views</Filter>
    </ClCompile>
    <ClCompile Include="View.cpp">
      <Filter>Source Files\Views</Filter>
    </ClCompile>
    <ClCompile Include="Button.cpp">
      <Filter>Source Files\Buttons</Filter>
    </ClCompile>
    <ClCompile Include="ExitGame.cpp">
      <Filter>Source Files\Buttons</Filter>
    </ClCompile>
    <ClCompile Include="LoadGame.cpp">
      <Filter>Source Files\Buttons</Filter>
    </ClCompile>
    <ClCompile Include="NewGame.cpp">
      <Filter>Source Files\Buttons</Filter>
    </ClCompile>
    <ClCompile Include="Character.cpp">
      <Filter>Source Files\Characters</Filter>
    </ClCompile>
    <ClCompile Include="Player.cpp">
      <Filter>Source Files\Characters</Filter>
    </ClCompile>
    <ClCompile Include="Enemy.cpp">
      <Filter>Source Files\Characters</Filter>
    </ClCompile>
    <ClCompile Include="StatusBar.cpp">
      <Filter>Source Files\Status Bars</Filter>
    </ClCompile>
    <ClCompile Include="ManaBar.cpp">
      <Filter>Source Files\Status Bars</Filter>
    </ClCompile>
    <ClCompile Include="HpBar.cpp">
      <Filter>Source Files\Status Bars</Filter>
    </ClCompile>
    <ClCompile Include="Avatar.cpp">
      <Filter>Source Files</Filter>
    </ClCompile>
    <ClCompile Include="Town.cpp">
      <Filter>Source Files\Views</Filter>
    </ClCompile>
    <ClCompile Include="ToGuild.cpp">
      <Filter>Source Files\Buttons</Filter>
    </ClCompile>
    <ClCompile Include="ToTavern.cpp">
      <Filter>Source Files\Buttons</Filter>
    </ClCompile>
    <ClCompile Include="ToDungeon.cpp">
      <Filter>Source Files\Buttons</Filter>
    </ClCompile>
    <ClCompile Include="ToBlacksmith.cpp">
      <Filter>Source Files\Buttons</Filter>
    </ClCompile>
    <ClCompile Include="Animation.cpp">
      <Filter>Source Files</Filter>
    </ClCompile>
    <ClCompile Include="ShopButton.cpp">
      <Filter>Source Files\Buttons</Filter>
    </ClCompile>
    <ClCompile Include="Shop.cpp">
      <Filter>Source Files\Views</Filter>
    </ClCompile>
    <ClCompile Include="ExitShop.cpp">
      <Filter>Source Files\Buttons</Filter>
    </ClCompile>
    <ClCompile Include="AxeShop.cpp">
      <Filter>Source Files\Buttons</Filter>
    </ClCompile>
    <ClCompile Include="Stats.cpp">
      <Filter>Source Files\Status Bars</Filter>
    </ClCompile>
    <ClCompile Include="SkillButtoned.cpp">
      <Filter>Source Files\Skills</Filter>
    </ClCompile>
    <ClCompile Include="Skill.cpp">
      <Filter>Source Files\Skills</Filter>
    </ClCompile>
    <ClCompile Include="Troll.cpp">
      <Filter>Source Files\Characters</Filter>
    </ClCompile>
    <ClCompile Include="Deathprophet.cpp">
      <Filter>Source Files\Characters</Filter>
    </ClCompile>
  </ItemGroup>
  <ItemGroup>
    <ClInclude Include="Game.h">
      <Filter>Header Files</Filter>
    </ClInclude>
    <ClInclude Include="Header.h">
      <Filter>Header Files</Filter>
    </ClInclude>
    <ClInclude Include="GameObject.h">
      <Filter>Header Files</Filter>
    </ClInclude>
    <ClInclude Include="NewGame.h">
      <Filter>Header Files\Buttons</Filter>
    </ClInclude>
    <ClInclude Include="LoadGame.h">
      <Filter>Header Files\Buttons</Filter>
    </ClInclude>
    <ClInclude Include="ExitGame.h">
      <Filter>Header Files\Buttons</Filter>
    </ClInclude>
    <ClInclude Include="Battle.h">
      <Filter>Header Files\Views</Filter>
    </ClInclude>
    <ClInclude Include="Menu.h">
      <Filter>Header Files\Views</Filter>
    </ClInclude>
    <ClInclude Include="Button.h">
      <Filter>Header Files\Buttons</Filter>
    </ClInclude>
    <ClInclude Include="View.h">
      <Filter>Header Files\Views</Filter>
    </ClInclude>
    <ClInclude Include="Character.h">
      <Filter>Header Files\Characters</Filter>
    </ClInclude>
    <ClInclude Include="Enemy.h">
      <Filter>Header Files\Characters</Filter>
    </ClInclude>
    <ClInclude Include="Player.h">
      <Filter>Header Files\Characters</Filter>
    </ClInclude>
    <ClInclude Include="HpBar.h">
      <Filter>Header Files\Status Bars</Filter>
    </ClInclude>
    <ClInclude Include="ManaBar.h">
      <Filter>Header Files\Status Bars</Filter>
    </ClInclude>
    <ClInclude Include="StatusBar.h">
      <Filter>Header Files\Status Bars</Filter>
    </ClInclude>
    <ClInclude Include="Skill.h">
      <Filter>Header Files\Skills</Filter>
    </ClInclude>
    <ClInclude Include="Avatar.h">
      <Filter>Header Files</Filter>
    </ClInclude>
    <ClInclude Include="Town.h">
      <Filter>Header Files\Views</Filter>
    </ClInclude>
    <ClInclude Include="ToGuild.h">
      <Filter>Header Files\Buttons</Filter>
    </ClInclude>
    <ClInclude Include="ToTavern.h">
      <Filter>Header Files\Buttons</Filter>
    </ClInclude>
    <ClInclude Include="ToDungeon.h">
      <Filter>Header Files\Buttons</Filter>
    </ClInclude>
    <ClInclude Include="ToBlacksmith.h">
      <Filter>Header Files\Buttons</Filter>
    </ClInclude>
    <ClInclude Include="Animation.h">
      <Filter>Header Files</Filter>
    </ClInclude>
    <ClInclude Include="Shop.h">
      <Filter>Header Files\Views</Filter>
    </ClInclude>
    <ClInclude Include="ExitShop.h">
      <Filter>Header Files\Buttons</Filter>
    </ClInclude>
    <ClInclude Include="AxeShop.h">
      <Filter>Header Files\Buttons</Filter>
    </ClInclude>
    <ClInclude Include="ShopButton.h">
      <Filter>Header Files\Buttons</Filter>
    </ClInclude>
    <ClInclude Include="Stats.h">
      <Filter>Header Files\Status Bars</Filter>
    </ClInclude>
    <ClInclude Include="SkillButtoned.h">
      <Filter>Header Files\Skills</Filter>
    </ClInclude>
    <ClInclude Include="Troll.h">
      <Filter>Header Files\Characters</Filter>
    </ClInclude>
    <ClInclude Include="Deathprophet.h">
      <Filter>Header Files\Characters</Filter>
    </ClInclude>
  </ItemGroup>
  <ItemGroup>
    <None Include="ClassDiagram2.cd" />
  </ItemGroup>
</Project>